<?xml version="1.0" encoding="utf-8"?>
<Project ToolsVersion="4.0" xmlns="http://schemas.microsoft.com/developer/msbuild/2003">
  <ItemGroup>
    <Filter Include="Source Files">
      <UniqueIdentifier>{4FC737F1-C7A5-4376-A066-2A32D752A2FF}</UniqueIdentifier>
      <Extensions>cpp;c;cc;cxx;c++;cppm;ixx;def;odl;idl;hpj;bat;asm;asmx</Extensions>
    </Filter>
    <Filter Include="Header Files">
      <UniqueIdentifier>{93995380-89BD-4b04-88EB-625FBE52EBFB}</UniqueIdentifier>
      <Extensions>h;hh;hpp;hxx;h++;hm;inl;inc;ipp;xsd</Extensions>
    </Filter>
    <Filter Include="Resource Files">
      <UniqueIdentifier>{67DA6AB6-F800-4c08-8B7A-83BB121AAD01}</UniqueIdentifier>
      <Extensions>rc;ico;cur;bmp;dlg;rc2;rct;bin;rgs;gif;jpg;jpeg;jpe;resx;tiff;tif;png;wav;mfcribbon-ms</Extensions>
    </Filter>
    <Filter Include="Source Files\imgui">
      <UniqueIdentifier>{2b99c396-aee2-4998-a450-f3f84f0659c0}</UniqueIdentifier>
    </Filter>
    <Filter Include="Source Files\modules">
      <UniqueIdentifier>{1905eb60-20d3-4063-a48d-82852fd636f8}</UniqueIdentifier>
    </Filter>
  </ItemGroup>
  <ItemGroup>
    <ClCompile Include="main.cpp">
      <Filter>Source Files</Filter>
    </ClCompile>
    <ClCompile Include="doodad_app.cpp">
      <Filter>Source Files</Filter>
    </ClCompile>
    <ClCompile Include="win_init.cpp">
      <Filter>Source Files</Filter>
    </ClCompile>
    <ClCompile Include="imgui\imgui.cpp">
      <Filter>Source Files\imgui</Filter>
    </ClCompile>
    <ClCompile Include="imgui\imgui_demo.cpp">
      <Filter>Source Files\imgui</Filter>
    </ClCompile>
    <ClCompile Include="imgui\imgui_draw.cpp">
      <Filter>Source Files\imgui</Filter>
    </ClCompile>
    <ClCompile Include="imgui\imgui_impl_dx11.cpp">
      <Filter>Source Files\imgui</Filter>
    </ClCompile>
    <ClCompile Include="imgui\imgui_impl_win32.cpp">
      <Filter>Source Files\imgui</Filter>
    </ClCompile>
    <ClCompile Include="imgui\imgui_widgets.cpp">
      <Filter>Source Files\imgui</Filter>
    </ClCompile>
    <ClCompile Include="imgui\text_editor.cpp">
      <Filter>Source Files\imgui</Filter>
    </ClCompile>
    <ClCompile Include="input_handler.cpp">
      <Filter>Source Files</Filter>
    </ClCompile>
    <ClCompile Include="dx11_render_backend.cpp">
      <Filter>Source Files</Filter>
    </ClCompile>
    <ClCompile Include="doodad_view.cpp">
      <Filter>Source Files</Filter>
    </ClCompile>
    <ClCompile Include="logging.cpp">
      <Filter>Source Files</Filter>
    </ClCompile>
    <ClCompile Include="doodad_controller.cpp">
      <Filter>Source Files</Filter>
    </ClCompile>
    <ClCompile Include="module_ascii.cpp">
      <Filter>Source Files\modules</Filter>
    </ClCompile>
    <ClCompile Include="module_integer_calculator.cpp">
      <Filter>Source Files\modules</Filter>
    </ClCompile>
    <ClCompile Include="module_calculator.cpp">
      <Filter>Source Files\modules</Filter>
    </ClCompile>
    <ClCompile Include="module_comment.cpp">
      <Filter>Source Files\modules</Filter>
    </ClCompile>
    <ClCompile Include="module_radix.cpp">
      <Filter>Source Files\modules</Filter>
    </ClCompile>
    <ClCompile Include="module_debug.cpp">
      <Filter>Source Files\modules</Filter>
    </ClCompile>
    <ClCompile Include="doodad_module.cpp">
      <Filter>Source Files</Filter>
    </ClCompile>
    <ClCompile Include="module_vector.cpp">
      <Filter>Source Files\modules</Filter>
    </ClCompile>
  </ItemGroup>
  <ItemGroup>
    <ClInclude Include="doodad_app.h">
      <Filter>Source Files</Filter>
    </ClInclude>
    <ClInclude Include="doodad_module.h">
      <Filter>Source Files</Filter>
    </ClInclude>
    <ClInclude Include="win_init.h">
      <Filter>Source Files</Filter>
    </ClInclude>
    <ClInclude Include="delegate.h">
      <Filter>Source Files</Filter>
    </ClInclude>
    <ClInclude Include="common_header.h">
      <Filter>Source Files</Filter>
    </ClInclude>
    <ClInclude Include="imgui\imconfig.h">
      <Filter>Source Files\imgui</Filter>
    </ClInclude>
    <ClInclude Include="imgui\imgui.h">
      <Filter>Source Files\imgui</Filter>
    </ClInclude>
    <ClInclude Include="imgui\imgui_impl_dx11.h">
      <Filter>Source Files\imgui</Filter>
    </ClInclude>
    <ClInclude Include="imgui\imgui_impl_win32.h">
      <Filter>Source Files\imgui</Filter>
    </ClInclude>
    <ClInclude Include="imgui\imgui_internal.h">
      <Filter>Source Files\imgui</Filter>
    </ClInclude>
    <ClInclude Include="imgui\imstb_rectpack.h">
      <Filter>Source Files\imgui</Filter>
    </ClInclude>
    <ClInclude Include="imgui\imstb_textedit.h">
      <Filter>Source Files\imgui</Filter>
    </ClInclude>
    <ClInclude Include="imgui\imstb_truetype.h">
      <Filter>Source Files\imgui</Filter>
    </ClInclude>
    <ClInclude Include="imgui\text_editor.h">
      <Filter>Source Files\imgui</Filter>
    </ClInclude>
    <ClInclude Include="input_handler.h">
      <Filter>Source Files</Filter>
    </ClInclude>
    <ClInclude Include="dx11_render_backend.h">
      <Filter>Source Files</Filter>
    </ClInclude>
    <ClInclude Include="doodad_view.h">
      <Filter>Source Files</Filter>
    </ClInclude>
    <ClInclude Include="debug.h">
      <Filter>Source Files</Filter>
    </ClInclude>
    <ClInclude Include="logging.h">
      <Filter>Source Files</Filter>
    </ClInclude>
    <ClInclude Include="doodad_controller.h">
      <Filter>Source Files</Filter>
    </ClInclude>
    <ClInclude Include="module_calculator.h">
      <Filter>Source Files\modules</Filter>
    </ClInclude>
    <ClInclude Include="module_integer_calculator.h">
      <Filter>Source Files\modules</Filter>
    </ClInclude>
    <ClInclude Include="module_radix.h">
      <Filter>Source Files\modules</Filter>
    </ClInclude>
    <ClInclude Include="module_ascii.h">
      <Filter>Source Files\modules</Filter>
    </ClInclude>
    <ClInclude Include="module_comment.h">
      <Filter>Source Files\modules</Filter>
    </ClInclude>
    <ClInclude Include="module_debug.h">
      <Filter>Source Files\modules</Filter>
    </ClInclude>
    <ClInclude Include="module_vector.h">
      <Filter>Source Files\modules</Filter>
    </ClInclude>
  </ItemGroup>
  <ItemGroup>
    <Text Include="imgui\LICENSE.txt">
      <Filter>Source Files\imgui</Filter>
    </Text>
  </ItemGroup>
</Project>